
Microsoft Visual Studio Solution File, Format Version 12.00
# Visual Studio 15
VisualStudioVersion = 15.0.26206.0
MinimumVisualStudioVersion = 10.0.40219.1
Project("{FAE04EC0-301F-11D3-BF4B-00C04F79EFBC}") = "SoftwareBot", "SoftwareBot\SoftwareBot.csproj", "{AD4BD0F2-D061-400A-BB95-5FD860F92981}"
EndProject
Project("{9A19103F-16F7-4668-BE54-9A1E7A4F7556}") = "MargieBot", "margiebot\MargieBot\MargieBot.csproj", "{27697487-1DB2-4CEB-845F-46163732AC39}"
EndProject
Project("{FAE04EC0-301F-11D3-BF4B-00C04F79EFBC}") = "ChatterBotAPI", "chatter-bot-api\dotnet\ChatterBotAPI\ChatterBotAPI.csproj", "{2E624962-F155-432C-A90A-E1CE75DEE9EA}"
EndProject
Global
	GlobalSection(SolutionConfigurationPlatforms) = preSolution
		Debug|Any CPU = Debug|Any CPU
		Debug|x64 = Debug|x64
		Debug|x86 = Debug|x86
		Release|Any CPU = Release|Any CPU
		Release|x64 = Release|x64
		Release|x86 = Release|x86
	EndGlobalSection
	GlobalSection(ProjectConfigurationPlatforms) = postSolution
		{AD4BD0F2-D061-400A-BB95-5FD860F92981}.Debug|Any CPU.ActiveCfg = Debug|Any CPU
		{AD4BD0F2-D061-400A-BB95-5FD860F92981}.Debug|Any CPU.Build.0 = Debug|Any CPU
		{AD4BD0F2-D061-400A-BB95-5FD860F92981}.Debug|x64.ActiveCfg = Debug|Any CPU
		{AD4BD0F2-D061-400A-BB95-5FD860F92981}.Debug|x64.Build.0 = Debug|Any CPU
		{AD4BD0F2-D061-400A-BB95-5FD860F92981}.Debug|x86.ActiveCfg = Debug|Any CPU
		{AD4BD0F2-D061-400A-BB95-5FD860F92981}.Debug|x86.Build.0 = Debug|Any CPU
		{AD4BD0F2-D061-400A-BB95-5FD860F92981}.Release|Any CPU.ActiveCfg = Release|Any CPU
		{AD4BD0F2-D061-400A-BB95-5FD860F92981}.Release|Any CPU.Build.0 = Release|Any CPU
		{AD4BD0F2-D061-400A-BB95-5FD860F92981}.Release|x64.ActiveCfg = Release|Any CPU
		{AD4BD0F2-D061-400A-BB95-5FD860F92981}.Release|x64.Build.0 = Release|Any CPU
		{AD4BD0F2-D061-400A-BB95-5FD860F92981}.Release|x86.ActiveCfg = Release|Any CPU
		{AD4BD0F2-D061-400A-BB95-5FD860F92981}.Release|x86.Build.0 = Release|Any CPU
		{27697487-1DB2-4CEB-845F-46163732AC39}.Debug|Any CPU.ActiveCfg = Debug|Any CPU
		{27697487-1DB2-4CEB-845F-46163732AC39}.Debug|Any CPU.Build.0 = Debug|Any CPU
		{27697487-1DB2-4CEB-845F-46163732AC39}.Debug|x64.ActiveCfg = Debug|x64
		{27697487-1DB2-4CEB-845F-46163732AC39}.Debug|x64.Build.0 = Debug|x64
		{27697487-1DB2-4CEB-845F-46163732AC39}.Debug|x86.ActiveCfg = Debug|x86
		{27697487-1DB2-4CEB-845F-46163732AC39}.Debug|x86.Build.0 = Debug|x86
		{27697487-1DB2-4CEB-845F-46163732AC39}.Release|Any CPU.ActiveCfg = Release|Any CPU
		{27697487-1DB2-4CEB-845F-46163732AC39}.Release|Any CPU.Build.0 = Release|Any CPU
		{27697487-1DB2-4CEB-845F-46163732AC39}.Release|x64.ActiveCfg = Release|x64
		{27697487-1DB2-4CEB-845F-46163732AC39}.Release|x64.Build.0 = Release|x64
		{27697487-1DB2-4CEB-845F-46163732AC39}.Release|x86.ActiveCfg = Release|x86
		{27697487-1DB2-4CEB-845F-46163732AC39}.Release|x86.Build.0 = Release|x86
		{2E624962-F155-432C-A90A-E1CE75DEE9EA}.Debug|Any CPU.ActiveCfg = Debug|Any CPU
		{2E624962-F155-432C-A90A-E1CE75DEE9EA}.Debug|Any CPU.Build.0 = Debug|Any CPU
		{2E624962-F155-432C-A90A-E1CE75DEE9EA}.Debug|x64.ActiveCfg = Debug|Any CPU
		{2E624962-F155-432C-A90A-E1CE75DEE9EA}.Debug|x64.Build.0 = Debug|Any CPU
		{2E624962-F155-432C-A90A-E1CE75DEE9EA}.Debug|x86.ActiveCfg = Debug|Any CPU
		{2E624962-F155-432C-A90A-E1CE75DEE9EA}.Debug|x86.Build.0 = Debug|Any CPU
		{2E624962-F155-432C-A90A-E1CE75DEE9EA}.Release|Any CPU.ActiveCfg = Release|Any CPU
		{2E624962-F155-432C-A90A-E1CE75DEE9EA}.Release|Any CPU.Build.0 = Release|Any CPU
		{2E624962-F155-432C-A90A-E1CE75DEE9EA}.Release|x64.ActiveCfg = Release|Any CPU
		{2E624962-F155-432C-A90A-E1CE75DEE9EA}.Release|x64.Build.0 = Release|Any CPU
		{2E624962-F155-432C-A90A-E1CE75DEE9EA}.Release|x86.ActiveCfg = Release|Any CPU
		{2E624962-F155-432C-A90A-E1CE75DEE9EA}.Release|x86.Build.0 = Release|Any CPU
	EndGlobalSection
	GlobalSection(SolutionProperties) = preSolution
		HideSolutionNode = FALSE
	EndGlobalSection
EndGlobal
